
Microsoft Visual Studio Solution File, Format Version 12.00
# Visual Studio Version 16
VisualStudioVersion = 16.0.30503.244
MinimumVisualStudioVersion = 10.0.40219.1
Project("{FAE04EC0-301F-11D3-BF4B-00C04F79EFBC}") = "Boxing", "Boxing\Boxing.csproj", "{6BC4D2FC-6B39-458D-961B-14B414A93B14}"
EndProject
Global
	GlobalSection(SolutionConfigurationPlatforms) = preSolution
		Debug|Any CPU = Debug|Any CPU
		Release|Any CPU = Release|Any CPU
	EndGlobalSection
	GlobalSection(ProjectConfigurationPlatforms) = postSolution
		{6BC4D2FC-6B39-458D-961B-14B414A93B14}.Debug|Any CPU.ActiveCfg = Debug|Any CPU
		{6BC4D2FC-6B39-458D-961B-14B414A93B14}.Debug|Any CPU.Build.0 = Debug|Any CPU
		{6BC4D2FC-6B39-458D-961B-14B414A93B14}.Release|Any CPU.ActiveCfg = Release|Any CPU
		{6BC4D2FC-6B39-458D-961B-14B414A93B14}.Release|Any CPU.Build.0 = Release|Any CPU
	EndGlobalSection
	GlobalSection(SolutionProperties) = preSolution
		HideSolutionNode = FALSE
	EndGlobalSection
	GlobalSection(ExtensibilityGlobals) = postSolution
		SolutionGuid = {2C7A2DD1-53CB-48E7-A4A4-7D35DFEE0797}
	EndGlobalSection
EndGlobal
